
Microsoft Visual Studio Solution File, Format Version 12.00
# Visual Studio 14
VisualStudioVersion = 14.0.25420.1
MinimumVisualStudioVersion = 10.0.40219.1
Project("{f2a71f9b-5d33-465a-a702-920d77279786}") = "App", "App\App.fsproj", "{2F52AFED-A977-483A-89E5-5FC0219C7EB7}"
EndProject
Project("{2150E333-8FDC-42A3-9474-1A3956D46DE8}") = "Solution Items", "Solution Items", "{E59AD62C-11BF-4AB9-A98B-7EDC81D805D0}"
	ProjectSection(SolutionItems) = preProject
		.gitattributes = .gitattributes
		.gitignore = .gitignore
		p4c-json.log.txt = p4c-json.log.txt
		paket.dependencies = paket.dependencies
		README.md = README.md
	EndProjectSection
EndProject
Project("{FAE04EC0-301F-11D3-BF4B-00C04F79EFBC}") = "HandConverted", "HandConverted\HandConverted.csproj", "{7795E8A3-6123-40C7-A636-3889123CF828}"
EndProject
Project("{FAE04EC0-301F-11D3-BF4B-00C04F79EFBC}") = "P4ToCSharp.Lib", "P4ToCSharp.Lib\P4ToCSharp.Lib.csproj", "{4AC851B0-BB98-40E4-B338-746733ED44D1}"
EndProject
Project("{FAE04EC0-301F-11D3-BF4B-00C04F79EFBC}") = "P4ToCSharp.Lib.Test", "P4ToCSharp.Lib.Test\P4ToCSharp.Lib.Test.csproj", "{2E3DF5C2-8A38-4A03-86D7-8D463C917E47}"
EndProject
Project("{FAE04EC0-301F-11D3-BF4B-00C04F79EFBC}") = "HandConvertedProgram", "HandConvertedProgram\HandConvertedProgram.csproj", "{53E1C39E-DF0A-457D-A7A5-4B87888F37C0}"
EndProject
Project("{FAE04EC0-301F-11D3-BF4B-00C04F79EFBC}") = "v1model", "v1model\v1model.csproj", "{5260D798-D94A-4A60-810A-563A1FC2B0D0}"
EndProject
Project("{FAE04EC0-301F-11D3-BF4B-00C04F79EFBC}") = "vss-model", "vss-model\vss-model.csproj", "{D7FB9DFD-C90B-41FF-82A6-75921E53BE18}"
EndProject
Project("{FAE04EC0-301F-11D3-BF4B-00C04F79EFBC}") = "Bootstrapper", "Bootstrapper\Bootstrapper.csproj", "{F28A0C84-9ABB-465C-9A55-48191D962C00}"
EndProject
Global
	GlobalSection(SolutionConfigurationPlatforms) = preSolution
		Debug|Any CPU = Debug|Any CPU
		Release|Any CPU = Release|Any CPU
	EndGlobalSection
	GlobalSection(ProjectConfigurationPlatforms) = postSolution
		{2F52AFED-A977-483A-89E5-5FC0219C7EB7}.Debug|Any CPU.ActiveCfg = Debug|Any CPU
		{2F52AFED-A977-483A-89E5-5FC0219C7EB7}.Debug|Any CPU.Build.0 = Debug|Any CPU
		{2F52AFED-A977-483A-89E5-5FC0219C7EB7}.Release|Any CPU.ActiveCfg = Release|Any CPU
		{2F52AFED-A977-483A-89E5-5FC0219C7EB7}.Release|Any CPU.Build.0 = Release|Any CPU
		{7795E8A3-6123-40C7-A636-3889123CF828}.Debug|Any CPU.ActiveCfg = Debug|Any CPU
		{7795E8A3-6123-40C7-A636-3889123CF828}.Debug|Any CPU.Build.0 = Debug|Any CPU
		{7795E8A3-6123-40C7-A636-3889123CF828}.Release|Any CPU.ActiveCfg = Release|Any CPU
		{7795E8A3-6123-40C7-A636-3889123CF828}.Release|Any CPU.Build.0 = Release|Any CPU
		{4AC851B0-BB98-40E4-B338-746733ED44D1}.Debug|Any CPU.ActiveCfg = Debug|Any CPU
		{4AC851B0-BB98-40E4-B338-746733ED44D1}.Debug|Any CPU.Build.0 = Debug|Any CPU
		{4AC851B0-BB98-40E4-B338-746733ED44D1}.Release|Any CPU.ActiveCfg = Release|Any CPU
		{4AC851B0-BB98-40E4-B338-746733ED44D1}.Release|Any CPU.Build.0 = Release|Any CPU
		{2E3DF5C2-8A38-4A03-86D7-8D463C917E47}.Debug|Any CPU.ActiveCfg = Debug|Any CPU
		{2E3DF5C2-8A38-4A03-86D7-8D463C917E47}.Debug|Any CPU.Build.0 = Debug|Any CPU
		{2E3DF5C2-8A38-4A03-86D7-8D463C917E47}.Release|Any CPU.ActiveCfg = Release|Any CPU
		{2E3DF5C2-8A38-4A03-86D7-8D463C917E47}.Release|Any CPU.Build.0 = Release|Any CPU
		{53E1C39E-DF0A-457D-A7A5-4B87888F37C0}.Debug|Any CPU.ActiveCfg = Debug|Any CPU
		{53E1C39E-DF0A-457D-A7A5-4B87888F37C0}.Debug|Any CPU.Build.0 = Debug|Any CPU
		{53E1C39E-DF0A-457D-A7A5-4B87888F37C0}.Release|Any CPU.ActiveCfg = Release|Any CPU
		{53E1C39E-DF0A-457D-A7A5-4B87888F37C0}.Release|Any CPU.Build.0 = Release|Any CPU
		{5260D798-D94A-4A60-810A-563A1FC2B0D0}.Debug|Any CPU.ActiveCfg = Debug|Any CPU
		{5260D798-D94A-4A60-810A-563A1FC2B0D0}.Debug|Any CPU.Build.0 = Debug|Any CPU
		{5260D798-D94A-4A60-810A-563A1FC2B0D0}.Release|Any CPU.ActiveCfg = Release|Any CPU
		{5260D798-D94A-4A60-810A-563A1FC2B0D0}.Release|Any CPU.Build.0 = Release|Any CPU
		{D7FB9DFD-C90B-41FF-82A6-75921E53BE18}.Debug|Any CPU.ActiveCfg = Debug|Any CPU
		{D7FB9DFD-C90B-41FF-82A6-75921E53BE18}.Debug|Any CPU.Build.0 = Debug|Any CPU
		{D7FB9DFD-C90B-41FF-82A6-75921E53BE18}.Release|Any CPU.ActiveCfg = Release|Any CPU
		{D7FB9DFD-C90B-41FF-82A6-75921E53BE18}.Release|Any CPU.Build.0 = Release|Any CPU
		{F28A0C84-9ABB-465C-9A55-48191D962C00}.Debug|Any CPU.ActiveCfg = Debug|Any CPU
		{F28A0C84-9ABB-465C-9A55-48191D962C00}.Debug|Any CPU.Build.0 = Debug|Any CPU
		{F28A0C84-9ABB-465C-9A55-48191D962C00}.Release|Any CPU.ActiveCfg = Release|Any CPU
		{F28A0C84-9ABB-465C-9A55-48191D962C00}.Release|Any CPU.Build.0 = Release|Any CPU
	EndGlobalSection
	GlobalSection(SolutionProperties) = preSolution
		HideSolutionNode = FALSE
	EndGlobalSection
	GlobalSection(MonoDevelopProperties) = preSolution
		Policies = $0
		$0.TextStylePolicy = $1
		$1.TabWidth = 2
		$1.IndentWidth = 2
		$1.scope = text/x-csharp
		$1.TabsToSpaces = True
		$0.FSharpFormattingPolicy = $2
		$2.DefaultFormat = $3
		$3.IndentOnTryWith = False
		$3.ReorderOpenDeclaration = False
		$3.SpaceAfterComma = True
		$3.SpaceAfterSemicolon = True
		$3.SpaceAroundDelimiter = True
		$3.SpaceBeforeArgument = True
		$3.SpaceBeforeColon = True
		$3.__added = 0
		$2.scope = text/x-fsharp
		$0.CSharpFormattingPolicy = $4
		$4.scope = text/x-csharp
	EndGlobalSection
EndGlobal
